
Microsoft Visual Studio Solution File, Format Version 12.00
# Visual Studio 15
VisualStudioVersion = 15.0.26430.4
MinimumVisualStudioVersion = 10.0.40219.1
Project("{FAE04EC0-301F-11D3-BF4B-00C04F79EFBC}") = "GitRead.Net", "GitRead.Net\GitRead.Net.csproj", "{6DDEFDCD-8494-448D-B63E-0C19CD9AA273}"
EndProject
Project("{FAE04EC0-301F-11D3-BF4B-00C04F79EFBC}") = "GitRead.Net.Test", "GitRead.Net.Test\GitRead.Net.Test.csproj", "{53FBEABE-4143-4690-99FD-5BF9B16DE129}"
EndProject
Global
	GlobalSection(SolutionConfigurationPlatforms) = preSolution
		Debug|Any CPU = Debug|Any CPU
		Release|Any CPU = Release|Any CPU
	EndGlobalSection
	GlobalSection(ProjectConfigurationPlatforms) = postSolution
		{6DDEFDCD-8494-448D-B63E-0C19CD9AA273}.Debug|Any CPU.ActiveCfg = Debug|Any CPU
		{6DDEFDCD-8494-448D-B63E-0C19CD9AA273}.Debug|Any CPU.Build.0 = Debug|Any CPU
		{6DDEFDCD-8494-448D-B63E-0C19CD9AA273}.Release|Any CPU.ActiveCfg = Release|Any CPU
		{6DDEFDCD-8494-448D-B63E-0C19CD9AA273}.Release|Any CPU.Build.0 = Release|Any CPU
		{53FBEABE-4143-4690-99FD-5BF9B16DE129}.Debug|Any CPU.ActiveCfg = Debug|Any CPU
		{53FBEABE-4143-4690-99FD-5BF9B16DE129}.Debug|Any CPU.Build.0 = Debug|Any CPU
		{53FBEABE-4143-4690-99FD-5BF9B16DE129}.Release|Any CPU.ActiveCfg = Release|Any CPU
		{53FBEABE-4143-4690-99FD-5BF9B16DE129}.Release|Any CPU.Build.0 = Release|Any CPU
	EndGlobalSection
	GlobalSection(SolutionProperties) = preSolution
		HideSolutionNode = FALSE
	EndGlobalSection
EndGlobal
